{
  "name": "dist-wrap-build",
  "version": "1.0.0",
  "lockfileVersion": 1,
  "requires": true,
  "dependencies": {
    "commander": {
      "version": "2.11.0",
      "resolved": "http://registry.npm.taobao.org/commander/download/commander-2.11.0.tgz",
      "integrity": "sha1-FXFS/R56bI2YpbcVzzdt+SgARWM="
    },
    "dist-wrap": {
      "version": "2.0.1",
      "resolved": "http://registry.npm.taobao.org/dist-wrap/download/dist-wrap-2.0.1.tgz"
    },
    "sas": {
      "version": "3.0.4",
      "resolved": "http://registry.npm.taobao.org/sas/download/sas-3.0.4.tgz"
    },
    "source-map": {
      "version": "0.5.7",
      "resolved": "http://registry.npm.taobao.org/source-map/download/source-map-0.5.7.tgz",
      "integrity": "sha1-igOdLRAh0i0eoUyA2OpGi6LvP8w="
    },
    "uglify-js": {
      "version": "3.0.28",
      "resolved": "http://registry.npm.taobao.org/uglify-js/download/uglify-js-3.0.28.tgz",
      "integrity": "sha1-lrhJXwJylEeHtYQ6FnmqMmZA1fc=",
      "requires": {
        "commander": "2.11.0",
        "source-map": "0.5.7"
      }
    }
  }
}
